schema: '2.0'
stages:
  data_ingestion:
    cmd: python src/data_ingestion.py
    deps:
    - path: src/data_ingestion.py
      hash: md5
      md5: 8c55d7621263b0dbbb8236110b7eff3f
      size: 3654
    params:
      params.yaml:
        data_ingestion.test_size: 0.25
    outs:
    - path: data/raw
      hash: md5
      md5: 04dd235295cb72c313e376c794dbd399.dir
      size: 484846
      nfiles: 2
  data_preprocessing:
    cmd: python src/data_preprocessing.py
    deps:
    - path: data/raw
      hash: md5
      md5: 04dd235295cb72c313e376c794dbd399.dir
      size: 484846
      nfiles: 2
    - path: src/data_preprocessing.py
      hash: md5
      md5: 138ddcc028f46ce02128004ef531347b
      size: 3966
    outs:
    - path: data/interim
      hash: md5
      md5: a93065f5a2727e5e7dd327b4604144d5.dir
      size: 261440
      nfiles: 2
  feature_engineering:
    cmd: python src/feature_engineering.py
    deps:
    - path: data/interim
      hash: md5
      md5: a93065f5a2727e5e7dd327b4604144d5.dir
      size: 261440
      nfiles: 2
    - path: src/feature_engineering.py
      hash: md5
      md5: cf8448c21ab5f64a81b288de0c331814
      size: 3910
    params:
      params.yaml:
        feature_engineering.max_features: 60
    outs:
    - path: data/processed
      hash: md5
      md5: e3ea436e7d6f1dcfe471e26785c9782b.dir
      size: 1412582
      nfiles: 2
  model_building:
    cmd: python src/model_building.py
    deps:
    - path: data/processed
      hash: md5
      md5: e3ea436e7d6f1dcfe471e26785c9782b.dir
      size: 1412582
      nfiles: 2
    - path: src/model_building.py
      hash: md5
      md5: cb0727d58ba5cdbc63f9b1e1049a0f4e
      size: 4482
    params:
      params.yaml:
        model_building.n_estimators: 28
        model_building.random_state: 2
    outs:
    - path: models/model.pkl
      hash: md5
      md5: c539093ce5357c5fe351212d280a68a2
      size: 1224274
  model_evaluation:
    cmd: python src/model_evaluation.py
    deps:
    - path: models/model.pkl
      hash: md5
      md5: c539093ce5357c5fe351212d280a68a2
      size: 1224274
    - path: src/model_evaluation.py
      hash: md5
      md5: 553abb63c25d201ab4732efe779df04d
      size: 4639
    outs:
    - path: reports/metrics.json
      hash: md5
      md5: 96d7c37a07be5b5daa392a1ef2050af6
      size: 144
